
Microsoft Visual Studio Solution File, Format Version 12.00
Project("{FAE04EC0-301F-11D3-BF4B-00C04F79EFBC}") = "gsat-test", "gsat-test\gsat-test.csproj", "{338A5EEF-2545-44CF-BA03-4E41486B494B}"
EndProject
Global
	GlobalSection(SolutionConfigurationPlatforms) = preSolution
		Debug|Any CPU = Debug|Any CPU
		Release|Any CPU = Release|Any CPU
	EndGlobalSection
	GlobalSection(ProjectConfigurationPlatforms) = postSolution
		{338A5EEF-2545-44CF-BA03-4E41486B494B}.Debug|Any CPU.ActiveCfg = Debug|Any CPU
		{338A5EEF-2545-44CF-BA03-4E41486B494B}.Debug|Any CPU.Build.0 = Debug|Any CPU
		{338A5EEF-2545-44CF-BA03-4E41486B494B}.Release|Any CPU.ActiveCfg = Release|Any CPU
		{338A5EEF-2545-44CF-BA03-4E41486B494B}.Release|Any CPU.Build.0 = Release|Any CPU
	EndGlobalSection
EndGlobal
